
Microsoft Visual Studio Solution File, Format Version 12.00
Project("{F2A71F9B-5D33-465A-A702-920D77279786}") = "Starter", "Starter\Starter.fsproj", "{7E7FDC3C-4090-42BA-9297-B54FBF282CF3}"
EndProject
Project("{F2A71F9B-5D33-465A-A702-920D77279786}") = "Registration", "Registration\Registration.fsproj", "{2A65624D-D252-4731-8FFF-244C9C277E8F}"
EndProject
Project("{F2A71F9B-5D33-465A-A702-920D77279786}") = "Accounting", "Accounting\Accounting.fsproj", "{4D13647D-44D9-4994-86D4-135634F915B5}"
EndProject
Global
	GlobalSection(SolutionConfigurationPlatforms) = preSolution
		Debug|Any CPU = Debug|Any CPU
		Release|Any CPU = Release|Any CPU
	EndGlobalSection
	GlobalSection(ProjectConfigurationPlatforms) = postSolution
		{7E7FDC3C-4090-42BA-9297-B54FBF282CF3}.Debug|Any CPU.ActiveCfg = Debug|Any CPU
		{7E7FDC3C-4090-42BA-9297-B54FBF282CF3}.Debug|Any CPU.Build.0 = Debug|Any CPU
		{7E7FDC3C-4090-42BA-9297-B54FBF282CF3}.Release|Any CPU.ActiveCfg = Release|Any CPU
		{7E7FDC3C-4090-42BA-9297-B54FBF282CF3}.Release|Any CPU.Build.0 = Release|Any CPU
		{2A65624D-D252-4731-8FFF-244C9C277E8F}.Debug|Any CPU.ActiveCfg = Debug|Any CPU
		{2A65624D-D252-4731-8FFF-244C9C277E8F}.Debug|Any CPU.Build.0 = Debug|Any CPU
		{2A65624D-D252-4731-8FFF-244C9C277E8F}.Release|Any CPU.ActiveCfg = Release|Any CPU
		{2A65624D-D252-4731-8FFF-244C9C277E8F}.Release|Any CPU.Build.0 = Release|Any CPU
		{4D13647D-44D9-4994-86D4-135634F915B5}.Debug|Any CPU.ActiveCfg = Debug|Any CPU
		{4D13647D-44D9-4994-86D4-135634F915B5}.Debug|Any CPU.Build.0 = Debug|Any CPU
		{4D13647D-44D9-4994-86D4-135634F915B5}.Release|Any CPU.ActiveCfg = Release|Any CPU
		{4D13647D-44D9-4994-86D4-135634F915B5}.Release|Any CPU.Build.0 = Release|Any CPU
	EndGlobalSection
EndGlobal
