
Microsoft Visual Studio Solution File, Format Version 12.00
Project("{F2A71F9B-5D33-465A-A702-920D77279786}") = "Starter", "Starter\Starter.fsproj", "{7E7FDC3C-4090-42BA-9297-B54FBF282CF3}"
EndProject
Project("{F2A71F9B-5D33-465A-A702-920D77279786}") = "Registration", "Registration\Registration.fsproj", "{2A65624D-D252-4731-8FFF-244C9C277E8F}"
EndProject
Project("{F2A71F9B-5D33-465A-A702-920D77279786}") = "Accounting", "Accounting\Accounting.fsproj", "{4D13647D-44D9-4994-86D4-135634F915B5}"
EndProject
Project("{F2A71F9B-5D33-465A-A702-920D77279786}") = "Rental", "Rental\Rental.fsproj", "{96799207-C8D6-478E-9C7E-C260EF270146}"
EndProject
Project("{F2A71F9B-5D33-465A-A702-920D77279786}") = "Tests", "Tests\Tests.fsproj", "{477FEC84-F2C0-4787-8C1A-20B9838D089E}"
EndProject
Project("{F2A71F9B-5D33-465A-A702-920D77279786}") = "Shared", "Shared\Shared.fsproj", "{2DC6E067-6C67-4A7B-BE27-30514E4E4BBC}"
EndProject
Global
	GlobalSection(SolutionConfigurationPlatforms) = preSolution
		Debug|Any CPU = Debug|Any CPU
		Release|Any CPU = Release|Any CPU
	EndGlobalSection
	GlobalSection(ProjectConfigurationPlatforms) = postSolution
		{7E7FDC3C-4090-42BA-9297-B54FBF282CF3}.Debug|Any CPU.ActiveCfg = Debug|Any CPU
		{7E7FDC3C-4090-42BA-9297-B54FBF282CF3}.Debug|Any CPU.Build.0 = Debug|Any CPU
		{7E7FDC3C-4090-42BA-9297-B54FBF282CF3}.Release|Any CPU.ActiveCfg = Release|Any CPU
		{7E7FDC3C-4090-42BA-9297-B54FBF282CF3}.Release|Any CPU.Build.0 = Release|Any CPU
		{2A65624D-D252-4731-8FFF-244C9C277E8F}.Debug|Any CPU.ActiveCfg = Debug|Any CPU
		{2A65624D-D252-4731-8FFF-244C9C277E8F}.Debug|Any CPU.Build.0 = Debug|Any CPU
		{2A65624D-D252-4731-8FFF-244C9C277E8F}.Release|Any CPU.ActiveCfg = Release|Any CPU
		{2A65624D-D252-4731-8FFF-244C9C277E8F}.Release|Any CPU.Build.0 = Release|Any CPU
		{4D13647D-44D9-4994-86D4-135634F915B5}.Debug|Any CPU.ActiveCfg = Debug|Any CPU
		{4D13647D-44D9-4994-86D4-135634F915B5}.Debug|Any CPU.Build.0 = Debug|Any CPU
		{4D13647D-44D9-4994-86D4-135634F915B5}.Release|Any CPU.ActiveCfg = Release|Any CPU
		{4D13647D-44D9-4994-86D4-135634F915B5}.Release|Any CPU.Build.0 = Release|Any CPU
		{96799207-C8D6-478E-9C7E-C260EF270146}.Debug|Any CPU.ActiveCfg = Debug|Any CPU
		{96799207-C8D6-478E-9C7E-C260EF270146}.Debug|Any CPU.Build.0 = Debug|Any CPU
		{96799207-C8D6-478E-9C7E-C260EF270146}.Release|Any CPU.ActiveCfg = Release|Any CPU
		{96799207-C8D6-478E-9C7E-C260EF270146}.Release|Any CPU.Build.0 = Release|Any CPU
		{477FEC84-F2C0-4787-8C1A-20B9838D089E}.Debug|Any CPU.ActiveCfg = Debug|Any CPU
		{477FEC84-F2C0-4787-8C1A-20B9838D089E}.Debug|Any CPU.Build.0 = Debug|Any CPU
		{477FEC84-F2C0-4787-8C1A-20B9838D089E}.Release|Any CPU.ActiveCfg = Release|Any CPU
		{477FEC84-F2C0-4787-8C1A-20B9838D089E}.Release|Any CPU.Build.0 = Release|Any CPU
		{2DC6E067-6C67-4A7B-BE27-30514E4E4BBC}.Debug|Any CPU.ActiveCfg = Debug|Any CPU
		{2DC6E067-6C67-4A7B-BE27-30514E4E4BBC}.Debug|Any CPU.Build.0 = Debug|Any CPU
		{2DC6E067-6C67-4A7B-BE27-30514E4E4BBC}.Release|Any CPU.ActiveCfg = Release|Any CPU
		{2DC6E067-6C67-4A7B-BE27-30514E4E4BBC}.Release|Any CPU.Build.0 = Release|Any CPU
	EndGlobalSection
EndGlobal
